// !$*UTF8*$!
{
	archiveVersion = 1;
	classes = {
	};
	objectVersion = 46;
	objects = {

/* Begin PBXBuildFile section */
		7845319B1B68C5BE00FF0B9F /* main.m in Sources */ = {isa = PBXBuildFile; fileRef = 7845319A1B68C5BE00FF0B9F /* main.m */; };
		7845319E1B68C5BE00FF0B9F /* AppDelegate.m in Sources */ = {isa = PBXBuildFile; fileRef = 7845319D1B68C5BE00FF0B9F /* AppDelegate.m */; };
		784531A11B68C5BE00FF0B9F /* UDPServerViewController.m in Sources */ = {isa = PBXBuildFile; fileRef = 784531A01B68C5BE00FF0B9F /* UDPServerViewController.m */; };
		784531A41B68C5BE00FF0B9F /* Main.storyboard in Resources */ = {isa = PBXBuildFile; fileRef = 784531A21B68C5BE00FF0B9F /* Main.storyboard */; };
		784531A61B68C5BE00FF0B9F /* Images.xcassets in Resources */ = {isa = PBXBuildFile; fileRef = 784531A51B68C5BE00FF0B9F /* Images.xcassets */; };
		784531A91B68C5BE00FF0B9F /* LaunchScreen.xib in Resources */ = {isa = PBXBuildFile; fileRef = 784531A71B68C5BE00FF0B9F /* LaunchScreen.xib */; };
		784531C01B68C64100FF0B9F /* UDPServerTool.m in Sources */ = {isa = PBXBuildFile; fileRef = 784531BF1B68C64100FF0B9F /* UDPServerTool.m */; };
		784531C41B68C7F800FF0B9F /* HexHelper.m in Sources */ = {isa = PBXBuildFile; fileRef = 784531C31B68C7F800FF0B9F /* HexHelper.m */; };
		784531C71B68C80700FF0B9F /* GCDAsyncUdpSocket.m in Sources */ = {isa = PBXBuildFile; fileRef = 784531C61B68C80700FF0B9F /* GCDAsyncUdpSocket.m */; };
/* End PBXBuildFile section */

/* Begin PBXFileReference section */
		784531951B68C5BE00FF0B9F /* UDPServer.app */ = {isa = PBXFileReference; explicitFileType = wrapper.application; includeInIndex = 0; path = UDPServer.app; sourceTree = BUILT_PRODUCTS_DIR; };
		784531991B68C5BE00FF0B9F /* Info.plist */ = {isa = PBXFileReference; lastKnownFileType = text.plist.xml; path = Info.plist; sourceTree = "<group>"; };
		7845319A1B68C5BE00FF0B9F /* main.m */ = {isa = PBXFileReference; lastKnownFileType = sourcecode.c.objc; path = main.m; sourceTree = "<group>"; };
		7845319C1B68C5BE00FF0B9F /* AppDelegate.h */ = {isa = PBXFileReference; lastKnownFileType = sourcecode.c.h; path = AppDelegate.h; sourceTree = "<group>"; };
		7845319D1B68C5BE00FF0B9F /* AppDelegate.m */ = {isa = PBXFileReference; lastKnownFileType = sourcecode.c.objc; path = AppDelegate.m; sourceTree = "<group>"; };
		7845319F1B68C5BE00FF0B9F /* UDPServerViewController.h */ = {isa = PBXFileReference; lastKnownFileType = sourcecode.c.h; path = UDPServerViewController.h; sourceTree = "<group>"; };
		784531A01B68C5BE00FF0B9F /* UDPServerViewController.m */ = {isa = PBXFileReference; lastKnownFileType = sourcecode.c.objc; path = UDPServerViewController.m; sourceTree = "<group>"; };
		784531A31B68C5BE00FF0B9F /* Base */ = {isa = PBXFileReference; lastKnownFileType = file.storyboard; name = Base; path = Base.lproj/Main.storyboard; sourceTree = "<group>"; };
		784531A51B68C5BE00FF0B9F /* Images.xcassets */ = {isa = PBXFileReference; lastKnownFileType = folder.assetcatalog; path = Images.xcassets; sourceTree = "<group>"; };
		784531A81B68C5BE00FF0B9F /* Base */ = {isa = PBXFileReference; lastKnownFileType = file.xib; name = Base; path = Base.lproj/LaunchScreen.xib; sourceTree = "<group>"; };
		784531BE1B68C64100FF0B9F /* UDPServerTool.h */ = {isa = PBXFileReference; fileEncoding = 4; lastKnownFileType = sourcecode.c.h; path = UDPServerTool.h; sourceTree = "<group>"; };
		784531BF1B68C64100FF0B9F /* UDPServerTool.m */ = {isa = PBXFileReference; fileEncoding = 4; lastKnownFileType = sourcecode.c.objc; path = UDPServerTool.m; sourceTree = "<group>"; };
		784531C11B68C6B800FF0B9F /* PrefixHeader.pch */ = {isa = PBXFileReference; lastKnownFileType = sourcecode.c.h; path = PrefixHeader.pch; sourceTree = "<group>"; };
		784531C21B68C7F800FF0B9F /* HexHelper.h */ = {isa = PBXFileReference; fileEncoding = 4; lastKnownFileType = sourcecode.c.h; path = HexHelper.h; sourceTree = "<group>"; };
		784531C31B68C7F800FF0B9F /* HexHelper.m */ = {isa = PBXFileReference; fileEncoding = 4; lastKnownFileType = sourcecode.c.objc; path = HexHelper.m; sourceTree = "<group>"; };
		784531C51B68C80700FF0B9F /* GCDAsyncUdpSocket.h */ = {isa = PBXFileReference; fileEncoding = 4; lastKnownFileType = sourcecode.c.h; path = GCDAsyncUdpSocket.h; sourceTree = "<group>"; };
		784531C61B68C80700FF0B9F /* GCDAsyncUdpSocket.m */ = {isa = PBXFileReference; fileEncoding = 4; lastKnownFileType = sourcecode.c.objc; path = GCDAsyncUdpSocket.m; sourceTree = "<group>"; };
/* End PBXFileReference section */

/* Begin PBXFrameworksBuildPhase section */
		784531921B68C5BE00FF0B9F /* Frameworks */ = {
			isa = PBXFrameworksBuildPhase;
			buildActionMask = 2147483647;
			files = (
			);
			runOnlyForDeploymentPostprocessing = 0;
		};
/* End PBXFrameworksBuildPhase section */

/* Begin PBXGroup section */
		7845318C1B68C5BE00FF0B9F = {
			isa = PBXGroup;
			children = (
				784531C11B68C6B800FF0B9F /* PrefixHeader.pch */,
				784531971B68C5BE00FF0B9F /* UDPServer */,
				784531961B68C5BE00FF0B9F /* Products */,
			);
			sourceTree = "<group>";
		};
		784531961B68C5BE00FF0B9F /* Products */ = {
			isa = PBXGroup;
			children = (
				784531951B68C5BE00FF0B9F /* UDPServer.app */,
			);
			name = Products;
			sourceTree = "<group>";
		};
		784531971B68C5BE00FF0B9F /* UDPServer */ = {
			isa = PBXGroup;
			children = (
				784531C51B68C80700FF0B9F /* GCDAsyncUdpSocket.h */,
				784531C61B68C80700FF0B9F /* GCDAsyncUdpSocket.m */,
				784531BE1B68C64100FF0B9F /* UDPServerTool.h */,
				784531BF1B68C64100FF0B9F /* UDPServerTool.m */,
				784531C21B68C7F800FF0B9F /* HexHelper.h */,
				784531C31B68C7F800FF0B9F /* HexHelper.m */,
				7845319C1B68C5BE00FF0B9F /* AppDelegate.h */,
				7845319D1B68C5BE00FF0B9F /* AppDelegate.m */,
				7845319F1B68C5BE00FF0B9F /* UDPServerViewController.h */,
				784531A01B68C5BE00FF0B9F /* UDPServerViewController.m */,
				784531A21B68C5BE00FF0B9F /* Main.storyboard */,
				784531A51B68C5BE00FF0B9F /* Images.xcassets */,
				784531A71B68C5BE00FF0B9F /* LaunchScreen.xib */,
				784531981B68C5BE00FF0B9F /* Supporting Files */,
			);
			path = UDPServer;
			sourceTree = "<group>";
		};
		784531981B68C5BE00FF0B9F /* Supporting Files */ = {
			isa = PBXGroup;
			children = (
				784531991B68C5BE00FF0B9F /* Info.plist */,
				7845319A1B68C5BE00FF0B9F /* main.m */,
			);
			name = "Supporting Files";
			sourceTree = "<group>";
		};
/* End PBXGroup section */

/* Begin PBXNativeTarget section */
		784531941B68C5BE00FF0B9F /* UDPServer */ = {
			isa = PBXNativeTarget;
			buildConfigurationList = 784531B81B68C5BE00FF0B9F /* Build configuration list for PBXNativeTarget "UDPServer" */;
			buildPhases = (
				784531911B68C5BE00FF0B9F /* Sources */,
				784531921B68C5BE00FF0B9F /* Frameworks */,
				784531931B68C5BE00FF0B9F /* Resources */,
			);
			buildRules = (
			);
			dependencies = (
			);
			name = UDPServer;
			productName = UDPServer;
			productReference = 784531951B68C5BE00FF0B9F /* UDPServer.app */;
			productType = "com.apple.product-type.application";
		};
/* End PBXNativeTarget section */

/* Begin PBXProject section */
		7845318D1B68C5BE00FF0B9F /* Project object */ = {
			isa = PBXProject;
			attributes = {
				LastUpgradeCheck = 0640;
				ORGANIZATIONNAME = wrtsoft;
				TargetAttributes = {
					784531941B68C5BE00FF0B9F = {
						CreatedOnToolsVersion = 6.4;
					};
				};
			};
			buildConfigurationList = 784531901B68C5BE00FF0B9F /* Build configuration list for PBXProject "UDPServer" */;
			compatibilityVersion = "Xcode 3.2";
			developmentRegion = English;
			hasScannedForEncodings = 0;
			knownRegions = (
				en,
				Base,
			);
			mainGroup = 7845318C1B68C5BE00FF0B9F;
			productRefGroup = 784531961B68C5BE00FF0B9F /* Products */;
			projectDirPath = "";
			projectRoot = "";
			targets = (
				784531941B68C5BE00FF0B9F /* UDPServer */,
			);
		};
/* End PBXProject section */

/* Begin PBXResourcesBuildPhase section */
		784531931B68C5BE00FF0B9F /* Resources */ = {
			isa = PBXResourcesBuildPhase;
			buildActionMask = 2147483647;
			files = (
				784531A41B68C5BE00FF0B9F /* Main.storyboard in Resources */,
				784531A91B68C5BE00FF0B9F /* LaunchScreen.xib in Resources */,
				784531A61B68C5BE00FF0B9F /* Images.xcassets in Resources */,
			);
			runOnlyForDeploymentPostprocessing = 0;
		};
/* End PBXResourcesBuildPhase section */

/* Begin PBXSourcesBuildPhase section */
		784531911B68C5BE00FF0B9F /* Sources */ = {
			isa = PBXSourcesBuildPhase;
			buildActionMask = 2147483647;
			files = (
				784531C01B68C64100FF0B9F /* UDPServerTool.m in Sources */,
				784531C41B68C7F800FF0B9F /* HexHelper.m in Sources */,
				784531A11B68C5BE00FF0B9F /* UDPServerViewController.m in Sources */,
				7845319E1B68C5BE00FF0B9F /* AppDelegate.m in Sources */,
				784531C71B68C80700FF0B9F /* GCDAsyncUdpSocket.m in Sources */,
				7845319B1B68C5BE00FF0B9F /* main.m in Sources */,
			);
			runOnlyForDeploymentPostprocessing = 0;
		};
/* End PBXSourcesBuildPhase section */

/* Begin PBXVariantGroup section */
		784531A21B68C5BE00FF0B9F /* Main.storyboard */ = {
			isa = PBXVariantGroup;
			children = (
				784531A31B68C5BE00FF0B9F /* Base */,
			);
			name = Main.storyboard;
			sourceTree = "<group>";
		};
		784531A71B68C5BE00FF0B9F /* LaunchScreen.xib */ = {
			isa = PBXVariantGroup;
			children = (
				784531A81B68C5BE00FF0B9F /* Base */,
			);
			name = LaunchScreen.xib;
			sourceTree = "<group>";
		};
/* End PBXVariantGroup section */

/* Begin XCBuildConfiguration section */
		784531B61B68C5BE00FF0B9F /* Debug */ = {
			isa = XCBuildConfiguration;
			buildSettings = {
				ALWAYS_SEARCH_USER_PATHS = NO;
				CLANG_CXX_LANGUAGE_STANDARD = "gnu++0x";
				CLANG_CXX_LIBRARY = "libc++";
				CLANG_ENABLE_MODULES = YES;
				CLANG_ENABLE_OBJC_ARC = YES;
				CLANG_WARN_BOOL_CONVERSION = YES;
				CLANG_WARN_CONSTANT_CONVERSION = YES;
				CLANG_WARN_DIRECT_OBJC_ISA_USAGE = YES_ERROR;
				CLANG_WARN_EMPTY_BODY = YES;
				CLANG_WARN_ENUM_CONVERSION = YES;
				CLANG_WARN_INT_CONVERSION = YES;
				CLANG_WARN_OBJC_ROOT_CLASS = YES_ERROR;
				CLANG_WARN_UNREACHABLE_CODE = YES;
				CLANG_WARN__DUPLICATE_METHOD_MATCH = YES;
				CODE_SIGN_IDENTITY = "iPhone Developer: Raymond Wong (WLAZNUS52P)";
				"CODE_SIGN_IDENTITY[sdk=iphoneos*]" = "iPhone Developer: Raymond Wong (WLAZNUS52P)";
				COPY_PHASE_STRIP = NO;
				DEBUG_INFORMATION_FORMAT = "dwarf-with-dsym";
				ENABLE_STRICT_OBJC_MSGSEND = YES;
				GCC_C_LANGUAGE_STANDARD = gnu99;
				GCC_DYNAMIC_NO_PIC = NO;
				GCC_NO_COMMON_BLOCKS = YES;
				GCC_OPTIMIZATION_LEVEL = 0;
				GCC_PREPROCESSOR_DEFINITIONS = (
					"DEBUG=1",
					"$(inherited)",
				);
				GCC_SYMBOLS_PRIVATE_EXTERN = NO;
				GCC_WARN_64_TO_32_BIT_CONVERSION = YES;
				GCC_WARN_ABOUT_RETURN_TYPE = YES_ERROR;
				GCC_WARN_UNDECLARED_SELECTOR = YES;
				GCC_WARN_UNINITIALIZED_AUTOS = YES_AGGRESSIVE;
				GCC_WARN_UNUSED_FUNCTION = YES;
				GCC_WARN_UNUSED_VARIABLE = YES;
				IPHONEOS_DEPLOYMENT_TARGET = 8.4;
				MTL_ENABLE_DEBUG_INFO = YES;
				ONLY_ACTIVE_ARCH = YES;
				SDKROOT = iphoneos;
			};
			name = Debug;
		};
		784531B71B68C5BE00FF0B9F /* Release */ = {
			isa = XCBuildConfiguration;
			buildSettings = {
				ALWAYS_SEARCH_USER_PATHS = NO;
				CLANG_CXX_LANGUAGE_STANDARD = "gnu++0x";
				CLANG_CXX_LIBRARY = "libc++";
				CLANG_ENABLE_MODULES = YES;
				CLANG_ENABLE_OBJC_ARC = YES;
				CLANG_WARN_BOOL_CONVERSION = YES;
				CLANG_WARN_CONSTANT_CONVERSION = YES;
				CLANG_WARN_DIRECT_OBJC_ISA_USAGE = YES_ERROR;
				CLANG_WARN_EMPTY_BODY = YES;
				CLANG_WARN_ENUM_CONVERSION = YES;
				CLANG_WARN_INT_CONVERSION = YES;
				CLANG_WARN_OBJC_ROOT_CLASS = YES_ERROR;
				CLANG_WARN_UNREACHABLE_CODE = YES;
				CLANG_WARN__DUPLICATE_METHOD_MATCH = YES;
				CODE_SIGN_IDENTITY = "iPhone Developer: Raymond Wong (WLAZNUS52P)";
				"CODE_SIGN_IDENTITY[sdk=iphoneos*]" = "iPhone Developer: Raymond Wong (WLAZNUS52P)";
				COPY_PHASE_STRIP = NO;
				DEBUG_INFORMATION_FORMAT = "dwarf-with-dsym";
				ENABLE_NS_ASSERTIONS = NO;
				ENABLE_STRICT_OBJC_MSGSEND = YES;
				GCC_C_LANGUAGE_STANDARD = gnu99;
				GCC_NO_COMMON_BLOCKS = YES;
				GCC_WARN_64_TO_32_BIT_CONVERSION = YES;
				GCC_WARN_ABOUT_RETURN_TYPE = YES_ERROR;
				GCC_WARN_UNDECLARED_SELECTOR = YES;
				GCC_WARN_UNINITIALIZED_AUTOS = YES_AGGRESSIVE;
				GCC_WARN_UNUSED_FUNCTION = YES;
				GCC_WARN_UNUSED_VARIABLE = YES;
				IPHONEOS_DEPLOYMENT_TARGET = 8.4;
				MTL_ENABLE_DEBUG_INFO = NO;
				SDKROOT = iphoneos;
				VALIDATE_PRODUCT = YES;
			};
			name = Release;
		};
		784531B91B68C5BE00FF0B9F /* Debug */ = {
			isa = XCBuildConfiguration;
			buildSettings = {
				ASSETCATALOG_COMPILER_APPICON_NAME = AppIcon;
				CODE_SIGN_IDENTITY = "iPhone Distribution: Shenzhen Huiruitong Electrical Appliance Co.,Ltd (28M9L5HYL8)";
				GCC_PRECOMPILE_PREFIX_HEADER = YES;
				GCC_PREFIX_HEADER = "$(SRCROOT)/PrefixHeader.pch";
				INFOPLIST_FILE = UDPServer/Info.plist;
				IPHONEOS_DEPLOYMENT_TARGET = 7.0;
				LD_RUNPATH_SEARCH_PATHS = "$(inherited) @executable_path/Frameworks";
				PRODUCT_NAME = "$(TARGET_NAME)";
			};
			name = Debug;
		};
		784531BA1B68C5BE00FF0B9F /* Release */ = {
			isa = XCBuildConfiguration;
			buildSettings = {
				ASSETCATALOG_COMPILER_APPICON_NAME = AppIcon;
				CODE_SIGN_IDENTITY = "iPhone Distribution: Shenzhen Huiruitong Electrical Appliance Co.,Ltd (28M9L5HYL8)";
				GCC_PRECOMPILE_PREFIX_HEADER = YES;
				GCC_PREFIX_HEADER = "$(SRCROOT)/PrefixHeader.pch";
				INFOPLIST_FILE = UDPServer/Info.plist;
				IPHONEOS_DEPLOYMENT_TARGET = 7.0;
				LD_RUNPATH_SEARCH_PATHS = "$(inherited) @executable_path/Frameworks";
				PRODUCT_NAME = "$(TARGET_NAME)";
			};
			name = Release;
		};
/* End XCBuildConfiguration section */

/* Begin XCConfigurationList section */
		784531901B68C5BE00FF0B9F /* Build configuration list for PBXProject "UDPServer" */ = {
			isa = XCConfigurationList;
			buildConfigurations = (
				784531B61B68C5BE00FF0B9F /* Debug */,
				784531B71B68C5BE00FF0B9F /* Release */,
			);
			defaultConfigurationIsVisible = 0;
			defaultConfigurationName = Release;
		};
		784531B81B68C5BE00FF0B9F /* Build configuration list for PBXNativeTarget "UDPServer" */ = {
			isa = XCConfigurationList;
			buildConfigurations = (
				784531B91B68C5BE00FF0B9F /* Debug */,
				784531BA1B68C5BE00FF0B9F /* Release */,
			);
			defaultConfigurationIsVisible = 0;
			defaultConfigurationName = Release;
		};
/* End XCConfigurationList section */
	};
	rootObject = 7845318D1B68C5BE00FF0B9F /* Project object */;
}
