// !$*UTF8*$!
{
	archiveVersion = 1;
	classes = {
	};
	objectVersion = 46;
	objects = {

/* Begin PBXBuildFile section */
		7845319B1B68C5BE00FF0B9F /* main.m in Sources */ = {isa = PBXBuildFile; fileRef = 7845319A1B68C5BE00FF0B9F /* main.m */; };
		7845319E1B68C5BE00FF0B9F /* AppDelegate.m in Sources */ = {isa = PBXBuildFile; fileRef = 7845319D1B68C5BE00FF0B9F /* AppDelegate.m */; };
		784531A11B68C5BE00FF0B9F /* ViewController.m in Sources */ = {isa = PBXBuildFile; fileRef = 784531A01B68C5BE00FF0B9F /* ViewController.m */; };
		784531A41B68C5BE00FF0B9F /* Main.storyboard in Resources */ = {isa = PBXBuildFile; fileRef = 784531A21B68C5BE00FF0B9F /* Main.storyboard */; };
		784531A61B68C5BE00FF0B9F /* Images.xcassets in Resources */ = {isa = PBXBuildFile; fileRef = 784531A51B68C5BE00FF0B9F /* Images.xcassets */; };
		784531A91B68C5BE00FF0B9F /* LaunchScreen.xib in Resources */ = {isa = PBXBuildFile; fileRef = 784531A71B68C5BE00FF0B9F /* LaunchScreen.xib */; };
		784531B51B68C5BE00FF0B9F /* UDPServerTests.m in Sources */ = {isa = PBXBuildFile; fileRef = 784531B41B68C5BE00FF0B9F /* UDPServerTests.m */; };
/* End PBXBuildFile section */

/* Begin PBXContainerItemProxy section */
		784531AF1B68C5BE00FF0B9F /* PBXContainerItemProxy */ = {
			isa = PBXContainerItemProxy;
			containerPortal = 7845318D1B68C5BE00FF0B9F /* Project object */;
			proxyType = 1;
			remoteGlobalIDString = 784531941B68C5BE00FF0B9F;
			remoteInfo = UDPServer;
		};
/* End PBXContainerItemProxy section */

/* Begin PBXFileReference section */
		784531951B68C5BE00FF0B9F /* UDPServer.app */ = {isa = PBXFileReference; explicitFileType = wrapper.application; includeInIndex = 0; path = UDPServer.app; sourceTree = BUILT_PRODUCTS_DIR; };
		784531991B68C5BE00FF0B9F /* Info.plist */ = {isa = PBXFileReference; lastKnownFileType = text.plist.xml; path = Info.plist; sourceTree = "<group>"; };
		7845319A1B68C5BE00FF0B9F /* main.m */ = {isa = PBXFileReference; lastKnownFileType = sourcecode.c.objc; path = main.m; sourceTree = "<group>"; };
		7845319C1B68C5BE00FF0B9F /* AppDelegate.h */ = {isa = PBXFileReference; lastKnownFileType = sourcecode.c.h; path = AppDelegate.h; sourceTree = "<group>"; };
		7845319D1B68C5BE00FF0B9F /* AppDelegate.m */ = {isa = PBXFileReference; lastKnownFileType = sourcecode.c.objc; path = AppDelegate.m; sourceTree = "<group>"; };
		7845319F1B68C5BE00FF0B9F /* ViewController.h */ = {isa = PBXFileReference; lastKnownFileType = sourcecode.c.h; path = ViewController.h; sourceTree = "<group>"; };
		784531A01B68C5BE00FF0B9F /* ViewController.m */ = {isa = PBXFileReference; lastKnownFileType = sourcecode.c.objc; path = ViewController.m; sourceTree = "<group>"; };
		784531A31B68C5BE00FF0B9F /* Base */ = {isa = PBXFileReference; lastKnownFileType = file.storyboard; name = Base; path = Base.lproj/Main.storyboard; sourceTree = "<group>"; };
		784531A51B68C5BE00FF0B9F /* Images.xcassets */ = {isa = PBXFileReference; lastKnownFileType = folder.assetcatalog; path = Images.xcassets; sourceTree = "<group>"; };
		784531A81B68C5BE00FF0B9F /* Base */ = {isa = PBXFileReference; lastKnownFileType = file.xib; name = Base; path = Base.lproj/LaunchScreen.xib; sourceTree = "<group>"; };
		784531AE1B68C5BE00FF0B9F /* UDPServerTests.xctest */ = {isa = PBXFileReference; explicitFileType = wrapper.cfbundle; includeInIndex = 0; path = UDPServerTests.xctest; sourceTree = BUILT_PRODUCTS_DIR; };
		784531B31B68C5BE00FF0B9F /* Info.plist */ = {isa = PBXFileReference; lastKnownFileType = text.plist.xml; path = Info.plist; sourceTree = "<group>"; };
		784531B41B68C5BE00FF0B9F /* UDPServerTests.m */ = {isa = PBXFileReference; lastKnownFileType = sourcecode.c.objc; path = UDPServerTests.m; sourceTree = "<group>"; };
/* End PBXFileReference section */

/* Begin PBXFrameworksBuildPhase section */
		784531921B68C5BE00FF0B9F /* Frameworks */ = {
			isa = PBXFrameworksBuildPhase;
			buildActionMask = 2147483647;
			files = (
			);
			runOnlyForDeploymentPostprocessing = 0;
		};
		784531AB1B68C5BE00FF0B9F /* Frameworks */ = {
			isa = PBXFrameworksBuildPhase;
			buildActionMask = 2147483647;
			files = (
			);
			runOnlyForDeploymentPostprocessing = 0;
		};
/* End PBXFrameworksBuildPhase section */

/* Begin PBXGroup section */
		7845318C1B68C5BE00FF0B9F = {
			isa = PBXGroup;
			children = (
				784531971B68C5BE00FF0B9F /* UDPServer */,
				784531B11B68C5BE00FF0B9F /* UDPServerTests */,
				784531961B68C5BE00FF0B9F /* Products */,
			);
			sourceTree = "<group>";
		};
		784531961B68C5BE00FF0B9F /* Products */ = {
			isa = PBXGroup;
			children = (
				784531951B68C5BE00FF0B9F /* UDPServer.app */,
				784531AE1B68C5BE00FF0B9F /* UDPServerTests.xctest */,
			);
			name = Products;
			sourceTree = "<group>";
		};
		784531971B68C5BE00FF0B9F /* UDPServer */ = {
			isa = PBXGroup;
			children = (
				7845319C1B68C5BE00FF0B9F /* AppDelegate.h */,
				7845319D1B68C5BE00FF0B9F /* AppDelegate.m */,
				7845319F1B68C5BE00FF0B9F /* ViewController.h */,
				784531A01B68C5BE00FF0B9F /* ViewController.m */,
				784531A21B68C5BE00FF0B9F /* Main.storyboard */,
				784531A51B68C5BE00FF0B9F /* Images.xcassets */,
				784531A71B68C5BE00FF0B9F /* LaunchScreen.xib */,
				784531981B68C5BE00FF0B9F /* Supporting Files */,
			);
			path = UDPServer;
			sourceTree = "<group>";
		};
		784531981B68C5BE00FF0B9F /* Supporting Files */ = {
			isa = PBXGroup;
			children = (
				784531991B68C5BE00FF0B9F /* Info.plist */,
				7845319A1B68C5BE00FF0B9F /* main.m */,
			);
			name = "Supporting Files";
			sourceTree = "<group>";
		};
		784531B11B68C5BE00FF0B9F /* UDPServerTests */ = {
			isa = PBXGroup;
			children = (
				784531B41B68C5BE00FF0B9F /* UDPServerTests.m */,
				784531B21B68C5BE00FF0B9F /* Supporting Files */,
			);
			path = UDPServerTests;
			sourceTree = "<group>";
		};
		784531B21B68C5BE00FF0B9F /* Supporting Files */ = {
			isa = PBXGroup;
			children = (
				784531B31B68C5BE00FF0B9F /* Info.plist */,
			);
			name = "Supporting Files";
			sourceTree = "<group>";
		};
/* End PBXGroup section */

/* Begin PBXNativeTarget section */
		784531941B68C5BE00FF0B9F /* UDPServer */ = {
			isa = PBXNativeTarget;
			buildConfigurationList = 784531B81B68C5BE00FF0B9F /* Build configuration list for PBXNativeTarget "UDPServer" */;
			buildPhases = (
				784531911B68C5BE00FF0B9F /* Sources */,
				784531921B68C5BE00FF0B9F /* Frameworks */,
				784531931B68C5BE00FF0B9F /* Resources */,
			);
			buildRules = (
			);
			dependencies = (
			);
			name = UDPServer;
			productName = UDPServer;
			productReference = 784531951B68C5BE00FF0B9F /* UDPServer.app */;
			productType = "com.apple.product-type.application";
		};
		784531AD1B68C5BE00FF0B9F /* UDPServerTests */ = {
			isa = PBXNativeTarget;
			buildConfigurationList = 784531BB1B68C5BE00FF0B9F /* Build configuration list for PBXNativeTarget "UDPServerTests" */;
			buildPhases = (
				784531AA1B68C5BE00FF0B9F /* Sources */,
				784531AB1B68C5BE00FF0B9F /* Frameworks */,
				784531AC1B68C5BE00FF0B9F /* Resources */,
			);
			buildRules = (
			);
			dependencies = (
				784531B01B68C5BE00FF0B9F /* PBXTargetDependency */,
			);
			name = UDPServerTests;
			productName = UDPServerTests;
			productReference = 784531AE1B68C5BE00FF0B9F /* UDPServerTests.xctest */;
			productType = "com.apple.product-type.bundle.unit-test";
		};
/* End PBXNativeTarget section */

/* Begin PBXProject section */
		7845318D1B68C5BE00FF0B9F /* Project object */ = {
			isa = PBXProject;
			attributes = {
				LastUpgradeCheck = 0640;
				ORGANIZATIONNAME = wrtsoft;
				TargetAttributes = {
					784531941B68C5BE00FF0B9F = {
						CreatedOnToolsVersion = 6.4;
					};
					784531AD1B68C5BE00FF0B9F = {
						CreatedOnToolsVersion = 6.4;
						TestTargetID = 784531941B68C5BE00FF0B9F;
					};
				};
			};
			buildConfigurationList = 784531901B68C5BE00FF0B9F /* Build configuration list for PBXProject "UDPServer" */;
			compatibilityVersion = "Xcode 3.2";
			developmentRegion = English;
			hasScannedForEncodings = 0;
			knownRegions = (
				en,
				Base,
			);
			mainGroup = 7845318C1B68C5BE00FF0B9F;
			productRefGroup = 784531961B68C5BE00FF0B9F /* Products */;
			projectDirPath = "";
			projectRoot = "";
			targets = (
				784531941B68C5BE00FF0B9F /* UDPServer */,
				784531AD1B68C5BE00FF0B9F /* UDPServerTests */,
			);
		};
/* End PBXProject section */

/* Begin PBXResourcesBuildPhase section */
		784531931B68C5BE00FF0B9F /* Resources */ = {
			isa = PBXResourcesBuildPhase;
			buildActionMask = 2147483647;
			files = (
				784531A41B68C5BE00FF0B9F /* Main.storyboard in Resources */,
				784531A91B68C5BE00FF0B9F /* LaunchScreen.xib in Resources */,
				784531A61B68C5BE00FF0B9F /* Images.xcassets in Resources */,
			);
			runOnlyForDeploymentPostprocessing = 0;
		};
		784531AC1B68C5BE00FF0B9F /* Resources */ = {
			isa = PBXResourcesBuildPhase;
			buildActionMask = 2147483647;
			files = (
			);
			runOnlyForDeploymentPostprocessing = 0;
		};
/* End PBXResourcesBuildPhase section */

/* Begin PBXSourcesBuildPhase section */
		784531911B68C5BE00FF0B9F /* Sources */ = {
			isa = PBXSourcesBuildPhase;
			buildActionMask = 2147483647;
			files = (
				784531A11B68C5BE00FF0B9F /* ViewController.m in Sources */,
				7845319E1B68C5BE00FF0B9F /* AppDelegate.m in Sources */,
				7845319B1B68C5BE00FF0B9F /* main.m in Sources */,
			);
			runOnlyForDeploymentPostprocessing = 0;
		};
		784531AA1B68C5BE00FF0B9F /* Sources */ = {
			isa = PBXSourcesBuildPhase;
			buildActionMask = 2147483647;
			files = (
				784531B51B68C5BE00FF0B9F /* UDPServerTests.m in Sources */,
			);
			runOnlyForDeploymentPostprocessing = 0;
		};
/* End PBXSourcesBuildPhase section */

/* Begin PBXTargetDependency section */
		784531B01B68C5BE00FF0B9F /* PBXTargetDependency */ = {
			isa = PBXTargetDependency;
			target = 784531941B68C5BE00FF0B9F /* UDPServer */;
			targetProxy = 784531AF1B68C5BE00FF0B9F /* PBXContainerItemProxy */;
		};
/* End PBXTargetDependency section */

/* Begin PBXVariantGroup section */
		784531A21B68C5BE00FF0B9F /* Main.storyboard */ = {
			isa = PBXVariantGroup;
			children = (
				784531A31B68C5BE00FF0B9F /* Base */,
			);
			name = Main.storyboard;
			sourceTree = "<group>";
		};
		784531A71B68C5BE00FF0B9F /* LaunchScreen.xib */ = {
			isa = PBXVariantGroup;
			children = (
				784531A81B68C5BE00FF0B9F /* Base */,
			);
			name = LaunchScreen.xib;
			sourceTree = "<group>";
		};
/* End PBXVariantGroup section */

/* Begin XCBuildConfiguration section */
		784531B61B68C5BE00FF0B9F /* Debug */ = {
			isa = XCBuildConfiguration;
			buildSettings = {
				ALWAYS_SEARCH_USER_PATHS = NO;
				CLANG_CXX_LANGUAGE_STANDARD = "gnu++0x";
				CLANG_CXX_LIBRARY = "libc++";
				CLANG_ENABLE_MODULES = YES;
				CLANG_ENABLE_OBJC_ARC = YES;
				CLANG_WARN_BOOL_CONVERSION = YES;
				CLANG_WARN_CONSTANT_CONVERSION = YES;
				CLANG_WARN_DIRECT_OBJC_ISA_USAGE = YES_ERROR;
				CLANG_WARN_EMPTY_BODY = YES;
				CLANG_WARN_ENUM_CONVERSION = YES;
				CLANG_WARN_INT_CONVERSION = YES;
				CLANG_WARN_OBJC_ROOT_CLASS = YES_ERROR;
				CLANG_WARN_UNREACHABLE_CODE = YES;
				CLANG_WARN__DUPLICATE_METHOD_MATCH = YES;
				"CODE_SIGN_IDENTITY[sdk=iphoneos*]" = "iPhone Developer";
				COPY_PHASE_STRIP = NO;
				DEBUG_INFORMATION_FORMAT = "dwarf-with-dsym";
				ENABLE_STRICT_OBJC_MSGSEND = YES;
				GCC_C_LANGUAGE_STANDARD = gnu99;
				GCC_DYNAMIC_NO_PIC = NO;
				GCC_NO_COMMON_BLOCKS = YES;
				GCC_OPTIMIZATION_LEVEL = 0;
				GCC_PREPROCESSOR_DEFINITIONS = (
					"DEBUG=1",
					"$(inherited)",
				);
				GCC_SYMBOLS_PRIVATE_EXTERN = NO;
				GCC_WARN_64_TO_32_BIT_CONVERSION = YES;
				GCC_WARN_ABOUT_RETURN_TYPE = YES_ERROR;
				GCC_WARN_UNDECLARED_SELECTOR = YES;
				GCC_WARN_UNINITIALIZED_AUTOS = YES_AGGRESSIVE;
				GCC_WARN_UNUSED_FUNCTION = YES;
				GCC_WARN_UNUSED_VARIABLE = YES;
				IPHONEOS_DEPLOYMENT_TARGET = 8.4;
				MTL_ENABLE_DEBUG_INFO = YES;
				ONLY_ACTIVE_ARCH = YES;
				SDKROOT = iphoneos;
			};
			name = Debug;
		};
		784531B71B68C5BE00FF0B9F /* Release */ = {
			isa = XCBuildConfiguration;
			buildSettings = {
				ALWAYS_SEARCH_USER_PATHS = NO;
				CLANG_CXX_LANGUAGE_STANDARD = "gnu++0x";
				CLANG_CXX_LIBRARY = "libc++";
				CLANG_ENABLE_MODULES = YES;
				CLANG_ENABLE_OBJC_ARC = YES;
				CLANG_WARN_BOOL_CONVERSION = YES;
				CLANG_WARN_CONSTANT_CONVERSION = YES;
				CLANG_WARN_DIRECT_OBJC_ISA_USAGE = YES_ERROR;
				CLANG_WARN_EMPTY_BODY = YES;
				CLANG_WARN_ENUM_CONVERSION = YES;
				CLANG_WARN_INT_CONVERSION = YES;
				CLANG_WARN_OBJC_ROOT_CLASS = YES_ERROR;
				CLANG_WARN_UNREACHABLE_CODE = YES;
				CLANG_WARN__DUPLICATE_METHOD_MATCH = YES;
				"CODE_SIGN_IDENTITY[sdk=iphoneos*]" = "iPhone Developer";
				COPY_PHASE_STRIP = NO;
				DEBUG_INFORMATION_FORMAT = "dwarf-with-dsym";
				ENABLE_NS_ASSERTIONS = NO;
				ENABLE_STRICT_OBJC_MSGSEND = YES;
				GCC_C_LANGUAGE_STANDARD = gnu99;
				GCC_NO_COMMON_BLOCKS = YES;
				GCC_WARN_64_TO_32_BIT_CONVERSION = YES;
				GCC_WARN_ABOUT_RETURN_TYPE = YES_ERROR;
				GCC_WARN_UNDECLARED_SELECTOR = YES;
				GCC_WARN_UNINITIALIZED_AUTOS = YES_AGGRESSIVE;
				GCC_WARN_UNUSED_FUNCTION = YES;
				GCC_WARN_UNUSED_VARIABLE = YES;
				IPHONEOS_DEPLOYMENT_TARGET = 8.4;
				MTL_ENABLE_DEBUG_INFO = NO;
				SDKROOT = iphoneos;
				VALIDATE_PRODUCT = YES;
			};
			name = Release;
		};
		784531B91B68C5BE00FF0B9F /* Debug */ = {
			isa = XCBuildConfiguration;
			buildSettings = {
				ASSETCATALOG_COMPILER_APPICON_NAME = AppIcon;
				INFOPLIST_FILE = UDPServer/Info.plist;
				LD_RUNPATH_SEARCH_PATHS = "$(inherited) @executable_path/Frameworks";
				PRODUCT_NAME = "$(TARGET_NAME)";
			};
			name = Debug;
		};
		784531BA1B68C5BE00FF0B9F /* Release */ = {
			isa = XCBuildConfiguration;
			buildSettings = {
				ASSETCATALOG_COMPILER_APPICON_NAME = AppIcon;
				INFOPLIST_FILE = UDPServer/Info.plist;
				LD_RUNPATH_SEARCH_PATHS = "$(inherited) @executable_path/Frameworks";
				PRODUCT_NAME = "$(TARGET_NAME)";
			};
			name = Release;
		};
		784531BC1B68C5BE00FF0B9F /* Debug */ = {
			isa = XCBuildConfiguration;
			buildSettings = {
				BUNDLE_LOADER = "$(TEST_HOST)";
				FRAMEWORK_SEARCH_PATHS = (
					"$(SDKROOT)/Developer/Library/Frameworks",
					"$(inherited)",
				);
				GCC_PREPROCESSOR_DEFINITIONS = (
					"DEBUG=1",
					"$(inherited)",
				);
				INFOPLIST_FILE = UDPServerTests/Info.plist;
				LD_RUNPATH_SEARCH_PATHS = "$(inherited) @executable_path/Frameworks @loader_path/Frameworks";
				PRODUCT_NAME = "$(TARGET_NAME)";
				TEST_HOST = "$(BUILT_PRODUCTS_DIR)/UDPServer.app/UDPServer";
			};
			name = Debug;
		};
		784531BD1B68C5BE00FF0B9F /* Release */ = {
			isa = XCBuildConfiguration;
			buildSettings = {
				BUNDLE_LOADER = "$(TEST_HOST)";
				FRAMEWORK_SEARCH_PATHS = (
					"$(SDKROOT)/Developer/Library/Frameworks",
					"$(inherited)",
				);
				INFOPLIST_FILE = UDPServerTests/Info.plist;
				LD_RUNPATH_SEARCH_PATHS = "$(inherited) @executable_path/Frameworks @loader_path/Frameworks";
				PRODUCT_NAME = "$(TARGET_NAME)";
				TEST_HOST = "$(BUILT_PRODUCTS_DIR)/UDPServer.app/UDPServer";
			};
			name = Release;
		};
/* End XCBuildConfiguration section */

/* Begin XCConfigurationList section */
		784531901B68C5BE00FF0B9F /* Build configuration list for PBXProject "UDPServer" */ = {
			isa = XCConfigurationList;
			buildConfigurations = (
				784531B61B68C5BE00FF0B9F /* Debug */,
				784531B71B68C5BE00FF0B9F /* Release */,
			);
			defaultConfigurationIsVisible = 0;
			defaultConfigurationName = Release;
		};
		784531B81B68C5BE00FF0B9F /* Build configuration list for PBXNativeTarget "UDPServer" */ = {
			isa = XCConfigurationList;
			buildConfigurations = (
				784531B91B68C5BE00FF0B9F /* Debug */,
				784531BA1B68C5BE00FF0B9F /* Release */,
			);
			defaultConfigurationIsVisible = 0;
		};
		784531BB1B68C5BE00FF0B9F /* Build configuration list for PBXNativeTarget "UDPServerTests" */ = {
			isa = XCConfigurationList;
			buildConfigurations = (
				784531BC1B68C5BE00FF0B9F /* Debug */,
				784531BD1B68C5BE00FF0B9F /* Release */,
			);
			defaultConfigurationIsVisible = 0;
		};
/* End XCConfigurationList section */
	};
	rootObject = 7845318D1B68C5BE00FF0B9F /* Project object */;
}
